{
  "name": "basic-packages-angular-9",
  "version": "1.0.0",
  "lockfileVersion": 1,
  "requires": true,
  "dependencies": {
    "@auth0/angular-jwt": {
      "version": "4.0.0",
      "resolved": "https://registry.npmjs.org/@auth0/angular-jwt/-/angular-jwt-4.0.0.tgz",
      "integrity": "sha512-CHvk1zJ9jpQupl0f5y7EmTvYAwugyFvC4ztLsZKr7ZC7anNVaDd1+pDFJYS+ZEU9jLWzE74+AfVKfigImADJuw==",
      "requires": {
        "url": "^0.11.0"
      }
    },
    "@fortawesome/fontawesome-free": {
      "version": "5.13.0",
      "resolved": "https://registry.npmjs.org/@fortawesome/fontawesome-free/-/fontawesome-free-5.13.0.tgz",
      "integrity": "sha512-xKOeQEl5O47GPZYIMToj6uuA2syyFlq9EMSl2ui0uytjY9xbe8XS0pexNWmxrdcCyNGyDmLyYw5FtKsalBUeOg=="
    },
    "@ng-bootstrap/ng-bootstrap": {
      "version": "6.0.2",
      "resolved": "https://registry.npmjs.org/@ng-bootstrap/ng-bootstrap/-/ng-bootstrap-6.0.2.tgz",
      "integrity": "sha512-8+Dz8GN15zneIA4+mQ7b1j5O+oHsFdhTYQVDGk6eAazHeqrFD0+o8N+pLZL2PZlf98WcHFmXIOqKXrBD8iLl1g=="
    },
    "bootstrap": {
      "version": "4.4.1",
      "resolved": "https://registry.npmjs.org/bootstrap/-/bootstrap-4.4.1.tgz",
      "integrity": "sha512-tbx5cHubwE6e2ZG7nqM3g/FZ5PQEDMWmMGNrCUBVRPHXTJaH7CBDdsLeu3eCh3B1tzAxTnAbtmrzvWEvT2NNEA=="
    },
    "ngx-bootstrap": {
      "version": "5.5.0",
      "resolved": "https://registry.npmjs.org/ngx-bootstrap/-/ngx-bootstrap-5.5.0.tgz",
      "integrity": "sha512-BJeghbkKFQl49sg3GIYQyjvwaHn64xFOsinBVD8HWKOVpRJSnuafrjXByGDtfq35jGY4R+7iBLksM1IYLUPshg=="
    },
    "ngx-currency": {
      "version": "2.2.2",
      "resolved": "https://registry.npmjs.org/ngx-currency/-/ngx-currency-2.2.2.tgz",
      "integrity": "sha512-adOqNkyqfmQxxYCSSpxKhKiEBiImHqkaaxfVMHjYq4sEJnbYl8WV7cgXuqaCPcUEHrUEp9Zhr4p5rPz4Bs5Z6g==",
      "requires": {
        "tslib": "^1.9.0"
      }
    },
    "ngx-mask": {
      "version": "8.2.0",
      "resolved": "https://registry.npmjs.org/ngx-mask/-/ngx-mask-8.2.0.tgz",
      "integrity": "sha512-eWEnaHnLz3x/OuI8HVrmGciR2U84c/GoNjyUwCHxhskHevMuCPJRnbHag19ggQJKaTjmzpP+LyPHslOqPgbQ5w==",
      "requires": {
        "tslib": "^1.9.0"
      }
    },
    "ngx-toastr": {
      "version": "12.0.1",
      "resolved": "https://registry.npmjs.org/ngx-toastr/-/ngx-toastr-12.0.1.tgz",
      "integrity": "sha512-PABtbn2dyHweVSbo/py1W3veXzcmZO7uVItfTW9AykSSeAUju3gOCgauAw89km0aJ9EBcPOieaoI+9tAR7Pfug=="
    },
    "punycode": {
      "version": "1.3.2",
      "resolved": "https://registry.npmjs.org/punycode/-/punycode-1.3.2.tgz",
      "integrity": "sha1-llOgNvt8HuQjQvIyXM7v6jkmxI0="
    },
    "querystring": {
      "version": "0.2.0",
      "resolved": "https://registry.npmjs.org/querystring/-/querystring-0.2.0.tgz",
      "integrity": "sha1-sgmEkgO7Jd+CDadW50cAWHhSFiA="
    },
    "tslib": {
      "version": "1.11.1",
      "resolved": "https://registry.npmjs.org/tslib/-/tslib-1.11.1.tgz",
      "integrity": "sha512-aZW88SY8kQbU7gpV19lN24LtXh/yD4ZZg6qieAJDDg+YBsJcSmLGK9QpnUjAKVG/xefmvJGd1WUmfpT/g6AJGA=="
    },
    "url": {
      "version": "0.11.0",
      "resolved": "https://registry.npmjs.org/url/-/url-0.11.0.tgz",
      "integrity": "sha1-ODjpfPxgUh63PFJajlW/3Z4uKPE=",
      "requires": {
        "punycode": "1.3.2",
        "querystring": "0.2.0"
      }
    }
  }
}
